
Microsoft Visual Studio Solution File, Format Version 12.00
# Visual Studio Version 16
VisualStudioVersion = 16.0.29102.190
MinimumVisualStudioVersion = 10.0.40219.1
Project("{9A19103F-16F7-4668-BE54-9A1E7A4F7556}") = "car-factory", "car-factory.csproj", "{7C2CAB6E-F566-4186-89F3-F299B0DC5444}"
EndProject
Global
	GlobalSection(SolutionConfigurationPlatforms) = preSolution
		Debug|Any CPU = Debug|Any CPU
		Release|Any CPU = Release|Any CPU
	EndGlobalSection
	GlobalSection(ProjectConfigurationPlatforms) = postSolution
		{7C2CAB6E-F566-4186-89F3-F299B0DC5444}.Debug|Any CPU.ActiveCfg = Debug|Any CPU
		{7C2CAB6E-F566-4186-89F3-F299B0DC5444}.Debug|Any CPU.Build.0 = Debug|Any CPU
		{7C2CAB6E-F566-4186-89F3-F299B0DC5444}.Release|Any CPU.ActiveCfg = Release|Any CPU
		{7C2CAB6E-F566-4186-89F3-F299B0DC5444}.Release|Any CPU.Build.0 = Release|Any CPU
	EndGlobalSection
	GlobalSection(SolutionProperties) = preSolution
		HideSolutionNode = FALSE
	EndGlobalSection
	GlobalSection(ExtensibilityGlobals) = postSolution
		SolutionGuid = {FFFE2A90-7FE5-4EDF-B0AD-1B7A310A3777}
	EndGlobalSection
EndGlobal
